
Microsoft Visual Studio Solution File, Format Version 12.00
# Visual Studio 15
VisualStudioVersion = 15.0.34526.175
MinimumVisualStudioVersion = 10.0.40219.1
Project("{CC5FD16D-436D-48AD-A40C-5A424C6E3E79}") = "RedditCloudService", "RedditCloudService\RedditCloudService.ccproj", "{D3CB3C48-C213-4194-A6D1-501DE582E277}"
EndProject
Project("{FAE04EC0-301F-11D3-BF4B-00C04F79EFBC}") = "NotificationService", "NotificationService\NotificationService.csproj", "{BAA2128E-7F98-4107-BF05-B6EA1C3A1BCF}"
EndProject
Project("{FAE04EC0-301F-11D3-BF4B-00C04F79EFBC}") = "RedditService", "RedditService\RedditService.csproj", "{B22F6FAD-E33C-4467-BD5E-D64E7A350ACC}"
EndProject
Project("{FAE04EC0-301F-11D3-BF4B-00C04F79EFBC}") = "HealthStatusService", "HealthStatusService\HealthStatusService.csproj", "{E04FBF02-5C3D-40CB-A538-42E6BC44ACE7}"
EndProject
Project("{FAE04EC0-301F-11D3-BF4B-00C04F79EFBC}") = "HealthMonitoringService", "HealthMonitoringService\HealthMonitoringService.csproj", "{18A03D56-BA14-4B70-9325-96D1AA21D124}"
EndProject
Project("{FAE04EC0-301F-11D3-BF4B-00C04F79EFBC}") = "ImageConverter", "ImageConverter\ImageConverter.csproj", "{4863700F-6705-486B-ADE9-C990BA8FCCAC}"
EndProject
Project("{FAE04EC0-301F-11D3-BF4B-00C04F79EFBC}") = "RSMVC", "RSMVC\RSMVC.csproj", "{FDEFB38D-D2A6-4456-9702-478B836AF459}"
EndProject
Global
	GlobalSection(SolutionConfigurationPlatforms) = preSolution
		Debug|Any CPU = Debug|Any CPU
		Release|Any CPU = Release|Any CPU
	EndGlobalSection
	GlobalSection(ProjectConfigurationPlatforms) = postSolution
		{D3CB3C48-C213-4194-A6D1-501DE582E277}.Debug|Any CPU.ActiveCfg = Debug|Any CPU
		{D3CB3C48-C213-4194-A6D1-501DE582E277}.Debug|Any CPU.Build.0 = Debug|Any CPU
		{D3CB3C48-C213-4194-A6D1-501DE582E277}.Release|Any CPU.ActiveCfg = Release|Any CPU
		{D3CB3C48-C213-4194-A6D1-501DE582E277}.Release|Any CPU.Build.0 = Release|Any CPU
		{BAA2128E-7F98-4107-BF05-B6EA1C3A1BCF}.Debug|Any CPU.ActiveCfg = Debug|Any CPU
		{BAA2128E-7F98-4107-BF05-B6EA1C3A1BCF}.Debug|Any CPU.Build.0 = Debug|Any CPU
		{BAA2128E-7F98-4107-BF05-B6EA1C3A1BCF}.Release|Any CPU.ActiveCfg = Release|Any CPU
		{BAA2128E-7F98-4107-BF05-B6EA1C3A1BCF}.Release|Any CPU.Build.0 = Release|Any CPU
		{B22F6FAD-E33C-4467-BD5E-D64E7A350ACC}.Debug|Any CPU.ActiveCfg = Debug|Any CPU
		{B22F6FAD-E33C-4467-BD5E-D64E7A350ACC}.Debug|Any CPU.Build.0 = Debug|Any CPU
		{B22F6FAD-E33C-4467-BD5E-D64E7A350ACC}.Release|Any CPU.ActiveCfg = Release|Any CPU
		{B22F6FAD-E33C-4467-BD5E-D64E7A350ACC}.Release|Any CPU.Build.0 = Release|Any CPU
		{E04FBF02-5C3D-40CB-A538-42E6BC44ACE7}.Debug|Any CPU.ActiveCfg = Debug|Any CPU
		{E04FBF02-5C3D-40CB-A538-42E6BC44ACE7}.Debug|Any CPU.Build.0 = Debug|Any CPU
		{E04FBF02-5C3D-40CB-A538-42E6BC44ACE7}.Release|Any CPU.ActiveCfg = Release|Any CPU
		{E04FBF02-5C3D-40CB-A538-42E6BC44ACE7}.Release|Any CPU.Build.0 = Release|Any CPU
		{18A03D56-BA14-4B70-9325-96D1AA21D124}.Debug|Any CPU.ActiveCfg = Debug|Any CPU
		{18A03D56-BA14-4B70-9325-96D1AA21D124}.Debug|Any CPU.Build.0 = Debug|Any CPU
		{18A03D56-BA14-4B70-9325-96D1AA21D124}.Release|Any CPU.ActiveCfg = Release|Any CPU
		{18A03D56-BA14-4B70-9325-96D1AA21D124}.Release|Any CPU.Build.0 = Release|Any CPU
		{4863700F-6705-486B-ADE9-C990BA8FCCAC}.Debug|Any CPU.ActiveCfg = Debug|Any CPU
		{4863700F-6705-486B-ADE9-C990BA8FCCAC}.Debug|Any CPU.Build.0 = Debug|Any CPU
		{4863700F-6705-486B-ADE9-C990BA8FCCAC}.Release|Any CPU.ActiveCfg = Release|Any CPU
		{4863700F-6705-486B-ADE9-C990BA8FCCAC}.Release|Any CPU.Build.0 = Release|Any CPU
		{FDEFB38D-D2A6-4456-9702-478B836AF459}.Debug|Any CPU.ActiveCfg = Debug|Any CPU
		{FDEFB38D-D2A6-4456-9702-478B836AF459}.Debug|Any CPU.Build.0 = Debug|Any CPU
		{FDEFB38D-D2A6-4456-9702-478B836AF459}.Release|Any CPU.ActiveCfg = Release|Any CPU
		{FDEFB38D-D2A6-4456-9702-478B836AF459}.Release|Any CPU.Build.0 = Release|Any CPU
	EndGlobalSection
	GlobalSection(SolutionProperties) = preSolution
		HideSolutionNode = FALSE
	EndGlobalSection
	GlobalSection(ExtensibilityGlobals) = postSolution
		SolutionGuid = {0F02C28A-BA58-42D8-BAE8-58B5E5F85A7E}
	EndGlobalSection
EndGlobal
